
Microsoft Visual Studio Solution File, Format Version 12.00
# Visual Studio Version 17
VisualStudioVersion = 17.0.31717.71
MinimumVisualStudioVersion = 10.0.40219.1
Project("{9A19103F-16F7-4668-BE54-9A1E7A4F7556}") = "LandOfSignals-Signalbox", "LandOfSignals-Signalbox.csproj", "{9287D0CE-E02E-4083-AB4E-C02FC4EB39F8}"
EndProject
Global
	GlobalSection(SolutionConfigurationPlatforms) = preSolution
		Debug|Any CPU = Debug|Any CPU
		Release|Any CPU = Release|Any CPU
	EndGlobalSection
	GlobalSection(ProjectConfigurationPlatforms) = postSolution
		{9287D0CE-E02E-4083-AB4E-C02FC4EB39F8}.Debug|Any CPU.ActiveCfg = Debug|Any CPU
		{9287D0CE-E02E-4083-AB4E-C02FC4EB39F8}.Debug|Any CPU.Build.0 = Debug|Any CPU
		{9287D0CE-E02E-4083-AB4E-C02FC4EB39F8}.Release|Any CPU.ActiveCfg = Release|Any CPU
		{9287D0CE-E02E-4083-AB4E-C02FC4EB39F8}.Release|Any CPU.Build.0 = Release|Any CPU
	EndGlobalSection
	GlobalSection(SolutionProperties) = preSolution
		HideSolutionNode = FALSE
	EndGlobalSection
	GlobalSection(ExtensibilityGlobals) = postSolution
		SolutionGuid = {8192B525-7AE8-4C5B-9AE6-BFF950BA3CD2}
	EndGlobalSection
EndGlobal